
Microsoft Visual Studio Solution File, Format Version 12.00
# Visual Studio Version 16
VisualStudioVersion = 16.0.30717.126
MinimumVisualStudioVersion = 10.0.40219.1
Project("{FAE04EC0-301F-11D3-BF4B-00C04F79EFBC}") = "ReceptionManagement.ConsoleApp", "ReceptionManagement.ConsoleApp\ReceptionManagement.ConsoleApp.csproj", "{74D27B9D-B92B-4797-BDC1-EC6C0059A8EA}"
EndProject
Project("{FAE04EC0-301F-11D3-BF4B-00C04F79EFBC}") = "ReceptionManagement.Core", "ReceptionManagement.Core\ReceptionManagement.Core.csproj", "{087C7BCE-AA7B-4238-B59F-08104A688293}"
EndProject
Project("{FAE04EC0-301F-11D3-BF4B-00C04F79EFBC}") = "ReceptionManagement.ClientA", "ReceptionManagement.ClientA\ReceptionManagement.ClientA.csproj", "{5FBD6FF2-57B1-43E0-9F7A-9E38D1C61520}"
EndProject
Project("{FAE04EC0-301F-11D3-BF4B-00C04F79EFBC}") = "ReceptionManagement.ClientB", "ReceptionManagement.ClientB\ReceptionManagement.ClientB.csproj", "{965BB4ED-1A2C-4776-AA65-8EBD84BC2B39}"
EndProject
Global
	GlobalSection(SolutionConfigurationPlatforms) = preSolution
		Debug|Any CPU = Debug|Any CPU
		Release|Any CPU = Release|Any CPU
	EndGlobalSection
	GlobalSection(ProjectConfigurationPlatforms) = postSolution
		{74D27B9D-B92B-4797-BDC1-EC6C0059A8EA}.Debug|Any CPU.ActiveCfg = Debug|Any CPU
		{74D27B9D-B92B-4797-BDC1-EC6C0059A8EA}.Debug|Any CPU.Build.0 = Debug|Any CPU
		{74D27B9D-B92B-4797-BDC1-EC6C0059A8EA}.Release|Any CPU.ActiveCfg = Release|Any CPU
		{74D27B9D-B92B-4797-BDC1-EC6C0059A8EA}.Release|Any CPU.Build.0 = Release|Any CPU
		{087C7BCE-AA7B-4238-B59F-08104A688293}.Debug|Any CPU.ActiveCfg = Debug|Any CPU
		{087C7BCE-AA7B-4238-B59F-08104A688293}.Debug|Any CPU.Build.0 = Debug|Any CPU
		{087C7BCE-AA7B-4238-B59F-08104A688293}.Release|Any CPU.ActiveCfg = Release|Any CPU
		{087C7BCE-AA7B-4238-B59F-08104A688293}.Release|Any CPU.Build.0 = Release|Any CPU
		{5FBD6FF2-57B1-43E0-9F7A-9E38D1C61520}.Debug|Any CPU.ActiveCfg = Debug|Any CPU
		{5FBD6FF2-57B1-43E0-9F7A-9E38D1C61520}.Debug|Any CPU.Build.0 = Debug|Any CPU
		{5FBD6FF2-57B1-43E0-9F7A-9E38D1C61520}.Release|Any CPU.ActiveCfg = Release|Any CPU
		{5FBD6FF2-57B1-43E0-9F7A-9E38D1C61520}.Release|Any CPU.Build.0 = Release|Any CPU
		{965BB4ED-1A2C-4776-AA65-8EBD84BC2B39}.Debug|Any CPU.ActiveCfg = Debug|Any CPU
		{965BB4ED-1A2C-4776-AA65-8EBD84BC2B39}.Debug|Any CPU.Build.0 = Debug|Any CPU
		{965BB4ED-1A2C-4776-AA65-8EBD84BC2B39}.Release|Any CPU.ActiveCfg = Release|Any CPU
		{965BB4ED-1A2C-4776-AA65-8EBD84BC2B39}.Release|Any CPU.Build.0 = Release|Any CPU
	EndGlobalSection
	GlobalSection(SolutionProperties) = preSolution
		HideSolutionNode = FALSE
	EndGlobalSection
	GlobalSection(ExtensibilityGlobals) = postSolution
		SolutionGuid = {FEB59B5D-C1F5-4BE1-A1DF-C4147EE9EF46}
	EndGlobalSection
EndGlobal
